{
  "requires": true,
  "lockfileVersion": 1,
  "dependencies": {
    "miniprogram-navigation-bar": {
      "version": "0.0.4",
      "resolved": "https://registry.npmjs.org/miniprogram-navigation-bar/-/miniprogram-navigation-bar-0.0.4.tgz",
      "integrity": "sha512-ckeiOB2jdzrs3tEKk4eSbwaRJWjt+6ajnh4AosXgvezudMewB+ns7JxXeFqzMgEl8l6XglK5fKcB9SoSG+Disw=="
    }
  }
}
